
Microsoft Visual Studio Solution File, Format Version 12.00
# Visual Studio Version 16
VisualStudioVersion = 16.0.810.22
MinimumVisualStudioVersion = 10.0.40219.1
Project("{FAE04EC0-301F-11D3-BF4B-00C04F79EFBC}") = "InterfaceDemo", "InterfaceDemo\InterfaceDemo.csproj", "{D036B838-5772-4909-9C05-288EEC1898C2}"
EndProject
Global
	GlobalSection(SolutionConfigurationPlatforms) = preSolution
		Debug|Any CPU = Debug|Any CPU
		Release|Any CPU = Release|Any CPU
	EndGlobalSection
	GlobalSection(ProjectConfigurationPlatforms) = postSolution
		{D036B838-5772-4909-9C05-288EEC1898C2}.Debug|Any CPU.ActiveCfg = Debug|Any CPU
		{D036B838-5772-4909-9C05-288EEC1898C2}.Debug|Any CPU.Build.0 = Debug|Any CPU
		{D036B838-5772-4909-9C05-288EEC1898C2}.Release|Any CPU.ActiveCfg = Release|Any CPU
		{D036B838-5772-4909-9C05-288EEC1898C2}.Release|Any CPU.Build.0 = Release|Any CPU
	EndGlobalSection
	GlobalSection(SolutionProperties) = preSolution
		HideSolutionNode = FALSE
	EndGlobalSection
	GlobalSection(ExtensibilityGlobals) = postSolution
		SolutionGuid = {E54D5B35-428A-429A-B156-B65BB54C9221}
	EndGlobalSection
EndGlobal
